
Microsoft Visual Studio Solution File, Format Version 12.00
# Visual Studio Version 16
VisualStudioVersion = 16.0.30114.105
MinimumVisualStudioVersion = 10.0.40219.1
Project("{FAE04EC0-301F-11D3-BF4B-00C04F79EFBC}") = "review-api", "api\review-api.csproj", "{4B8B7C8D-3E78-4FCD-9604-28D366B3F147}"
EndProject
Project("{FAE04EC0-301F-11D3-BF4B-00C04F79EFBC}") = "ui", "ui\ui.csproj", "{CBDEFF8F-182C-4E42-A9CF-2F23675082E0}"
EndProject
Project("{FAE04EC0-301F-11D3-BF4B-00C04F79EFBC}") = "review-generator-test", "review-generator-test\review-generator-test.csproj", "{6E62EA34-07F9-4E30-AABA-EE8AD0D1468E}"
EndProject
Global
	GlobalSection(SolutionConfigurationPlatforms) = preSolution
		Debug|Any CPU = Debug|Any CPU
		Release|Any CPU = Release|Any CPU
	EndGlobalSection
	GlobalSection(SolutionProperties) = preSolution
		HideSolutionNode = FALSE
	EndGlobalSection
	GlobalSection(ProjectConfigurationPlatforms) = postSolution
		{4B8B7C8D-3E78-4FCD-9604-28D366B3F147}.Debug|Any CPU.ActiveCfg = Debug|Any CPU
		{4B8B7C8D-3E78-4FCD-9604-28D366B3F147}.Debug|Any CPU.Build.0 = Debug|Any CPU
		{4B8B7C8D-3E78-4FCD-9604-28D366B3F147}.Release|Any CPU.ActiveCfg = Release|Any CPU
		{4B8B7C8D-3E78-4FCD-9604-28D366B3F147}.Release|Any CPU.Build.0 = Release|Any CPU
		{CBDEFF8F-182C-4E42-A9CF-2F23675082E0}.Debug|Any CPU.ActiveCfg = Debug|Any CPU
		{CBDEFF8F-182C-4E42-A9CF-2F23675082E0}.Debug|Any CPU.Build.0 = Debug|Any CPU
		{CBDEFF8F-182C-4E42-A9CF-2F23675082E0}.Release|Any CPU.ActiveCfg = Release|Any CPU
		{CBDEFF8F-182C-4E42-A9CF-2F23675082E0}.Release|Any CPU.Build.0 = Release|Any CPU
		{6E62EA34-07F9-4E30-AABA-EE8AD0D1468E}.Debug|Any CPU.ActiveCfg = Debug|Any CPU
		{6E62EA34-07F9-4E30-AABA-EE8AD0D1468E}.Debug|Any CPU.Build.0 = Debug|Any CPU
		{6E62EA34-07F9-4E30-AABA-EE8AD0D1468E}.Release|Any CPU.ActiveCfg = Release|Any CPU
		{6E62EA34-07F9-4E30-AABA-EE8AD0D1468E}.Release|Any CPU.Build.0 = Release|Any CPU
	EndGlobalSection
EndGlobal
